
Microsoft Visual Studio Solution File, Format Version 12.00
# Visual Studio 2013
VisualStudioVersion = 12.0.31101.0
MinimumVisualStudioVersion = 10.0.40219.1
Project("{FAE04EC0-301F-11D3-BF4B-00C04F79EFBC}") = "01. UnitsOfWork", "01. UnitsOfWork\01. UnitsOfWork.csproj", "{B34E6E74-7311-430D-A887-358399F2AF28}"
EndProject
Project("{FAE04EC0-301F-11D3-BF4B-00C04F79EFBC}") = "06. Words", "06. Words\06. Words.csproj", "{83EA3CFE-B8A5-4D78-A08B-9D7820C34D89}"
EndProject
Project("{FAE04EC0-301F-11D3-BF4B-00C04F79EFBC}") = "02. OfficeSpace", "02. OfficeSpace\02. OfficeSpace.csproj", "{303FF24A-8663-4AE1-8001-BEEF572FDD33}"
EndProject
Project("{FAE04EC0-301F-11D3-BF4B-00C04F79EFBC}") = "03. BoxFullOfBalls", "03. BoxFullOfBalls\03. BoxFullOfBalls.csproj", "{C4DC1EBB-6A4D-4384-879B-5D4F5E1DCF4B}"
EndProject
Project("{FAE04EC0-301F-11D3-BF4B-00C04F79EFBC}") = "05. Passwords", "05. Passwords\05. Passwords.csproj", "{640346EB-D9DD-41A5-9ED8-AA92F6106ED9}"
EndProject
Project("{FAE04EC0-301F-11D3-BF4B-00C04F79EFBC}") = "06. Words2", "06. Words2\06. Words2.csproj", "{E59A6F99-2EF7-4FB2-8F11-09C15772EA33}"
EndProject
Global
	GlobalSection(SolutionConfigurationPlatforms) = preSolution
		Debug|Any CPU = Debug|Any CPU
		Release|Any CPU = Release|Any CPU
	EndGlobalSection
	GlobalSection(ProjectConfigurationPlatforms) = postSolution
		{B34E6E74-7311-430D-A887-358399F2AF28}.Debug|Any CPU.ActiveCfg = Debug|Any CPU
		{B34E6E74-7311-430D-A887-358399F2AF28}.Debug|Any CPU.Build.0 = Debug|Any CPU
		{B34E6E74-7311-430D-A887-358399F2AF28}.Release|Any CPU.ActiveCfg = Release|Any CPU
		{B34E6E74-7311-430D-A887-358399F2AF28}.Release|Any CPU.Build.0 = Release|Any CPU
		{83EA3CFE-B8A5-4D78-A08B-9D7820C34D89}.Debug|Any CPU.ActiveCfg = Debug|Any CPU
		{83EA3CFE-B8A5-4D78-A08B-9D7820C34D89}.Debug|Any CPU.Build.0 = Debug|Any CPU
		{83EA3CFE-B8A5-4D78-A08B-9D7820C34D89}.Release|Any CPU.ActiveCfg = Release|Any CPU
		{83EA3CFE-B8A5-4D78-A08B-9D7820C34D89}.Release|Any CPU.Build.0 = Release|Any CPU
		{303FF24A-8663-4AE1-8001-BEEF572FDD33}.Debug|Any CPU.ActiveCfg = Debug|Any CPU
		{303FF24A-8663-4AE1-8001-BEEF572FDD33}.Debug|Any CPU.Build.0 = Debug|Any CPU
		{303FF24A-8663-4AE1-8001-BEEF572FDD33}.Release|Any CPU.ActiveCfg = Release|Any CPU
		{303FF24A-8663-4AE1-8001-BEEF572FDD33}.Release|Any CPU.Build.0 = Release|Any CPU
		{C4DC1EBB-6A4D-4384-879B-5D4F5E1DCF4B}.Debug|Any CPU.ActiveCfg = Debug|Any CPU
		{C4DC1EBB-6A4D-4384-879B-5D4F5E1DCF4B}.Debug|Any CPU.Build.0 = Debug|Any CPU
		{C4DC1EBB-6A4D-4384-879B-5D4F5E1DCF4B}.Release|Any CPU.ActiveCfg = Release|Any CPU
		{C4DC1EBB-6A4D-4384-879B-5D4F5E1DCF4B}.Release|Any CPU.Build.0 = Release|Any CPU
		{640346EB-D9DD-41A5-9ED8-AA92F6106ED9}.Debug|Any CPU.ActiveCfg = Debug|Any CPU
		{640346EB-D9DD-41A5-9ED8-AA92F6106ED9}.Debug|Any CPU.Build.0 = Debug|Any CPU
		{640346EB-D9DD-41A5-9ED8-AA92F6106ED9}.Release|Any CPU.ActiveCfg = Release|Any CPU
		{640346EB-D9DD-41A5-9ED8-AA92F6106ED9}.Release|Any CPU.Build.0 = Release|Any CPU
		{E59A6F99-2EF7-4FB2-8F11-09C15772EA33}.Debug|Any CPU.ActiveCfg = Debug|Any CPU
		{E59A6F99-2EF7-4FB2-8F11-09C15772EA33}.Debug|Any CPU.Build.0 = Debug|Any CPU
		{E59A6F99-2EF7-4FB2-8F11-09C15772EA33}.Release|Any CPU.ActiveCfg = Release|Any CPU
		{E59A6F99-2EF7-4FB2-8F11-09C15772EA33}.Release|Any CPU.Build.0 = Release|Any CPU
	EndGlobalSection
	GlobalSection(SolutionProperties) = preSolution
		HideSolutionNode = FALSE
	EndGlobalSection
EndGlobal
